
Microsoft Visual Studio Solution File, Format Version 12.00
# Visual Studio Version 16
VisualStudioVersion = 16.0.30114.105
MinimumVisualStudioVersion = 10.0.40219.1
Project("{FAE04EC0-301F-11D3-BF4B-00C04F79EFBC}") = "API", "API\API.csproj", "{1727E0BA-586D-4A45-B864-78033A8B273E}"
EndProject
Project("{FAE04EC0-301F-11D3-BF4B-00C04F79EFBC}") = "Core", "Core\Core.csproj", "{5A76E65D-7752-429F-A597-FE9D6E13AEC9}"
EndProject
Project("{FAE04EC0-301F-11D3-BF4B-00C04F79EFBC}") = "Infrastructure", "Infrastructure\Infrastructure.csproj", "{08980178-4500-4482-8866-F012B474795E}"
EndProject
Global
	GlobalSection(SolutionConfigurationPlatforms) = preSolution
		Debug|Any CPU = Debug|Any CPU
		Release|Any CPU = Release|Any CPU
	EndGlobalSection
	GlobalSection(SolutionProperties) = preSolution
		HideSolutionNode = FALSE
	EndGlobalSection
	GlobalSection(ProjectConfigurationPlatforms) = postSolution
		{1727E0BA-586D-4A45-B864-78033A8B273E}.Debug|Any CPU.ActiveCfg = Debug|Any CPU
		{1727E0BA-586D-4A45-B864-78033A8B273E}.Debug|Any CPU.Build.0 = Debug|Any CPU
		{1727E0BA-586D-4A45-B864-78033A8B273E}.Release|Any CPU.ActiveCfg = Release|Any CPU
		{1727E0BA-586D-4A45-B864-78033A8B273E}.Release|Any CPU.Build.0 = Release|Any CPU
		{5A76E65D-7752-429F-A597-FE9D6E13AEC9}.Debug|Any CPU.ActiveCfg = Debug|Any CPU
		{5A76E65D-7752-429F-A597-FE9D6E13AEC9}.Debug|Any CPU.Build.0 = Debug|Any CPU
		{5A76E65D-7752-429F-A597-FE9D6E13AEC9}.Release|Any CPU.ActiveCfg = Release|Any CPU
		{5A76E65D-7752-429F-A597-FE9D6E13AEC9}.Release|Any CPU.Build.0 = Release|Any CPU
		{08980178-4500-4482-8866-F012B474795E}.Debug|Any CPU.ActiveCfg = Debug|Any CPU
		{08980178-4500-4482-8866-F012B474795E}.Debug|Any CPU.Build.0 = Debug|Any CPU
		{08980178-4500-4482-8866-F012B474795E}.Release|Any CPU.ActiveCfg = Release|Any CPU
		{08980178-4500-4482-8866-F012B474795E}.Release|Any CPU.Build.0 = Release|Any CPU
	EndGlobalSection
EndGlobal
